
Microsoft Visual Studio Solution File, Format Version 12.00
# Visual Studio 2013
VisualStudioVersion = 12.0.31101.0
MinimumVisualStudioVersion = 10.0.40219.1
Project("{FAE04EC0-301F-11D3-BF4B-00C04F79EFBC}") = "Tagplaner", "Tagplaner\Tagplaner.csproj", "{B179D87C-61A6-42DF-80CF-845282615205}"
EndProject
Project("{2150E333-8FDC-42A3-9474-1A3956D46DE8}") = "Projektdokumente", "Projektdokumente", "{BBEAC95B-C2DC-4069-AA22-CA158EF1C146}"
	ProjectSection(SolutionItems) = preProject
		Ferien_Hessen_2015.ics = Ferien_Hessen_2015.ics
		Ferien_Hessen_2016.ics = Ferien_Hessen_2016.ics
		StarUML.pdf = StarUML.pdf
	EndProjectSection
EndProject
Project("{2150E333-8FDC-42A3-9474-1A3956D46DE8}") = "Bibliotheken", "Bibliotheken", "{949C317F-7570-4147-B16A-D25277F5ADF4}"
	ProjectSection(SolutionItems) = preProject
		Tagplaner\DDay-iCal-1_0_2-BetaCandidate2-bin\antlr.runtime.dll = Tagplaner\DDay-iCal-1_0_2-BetaCandidate2-bin\antlr.runtime.dll
		Tagplaner\DDay-iCal-1_0_2-BetaCandidate2-bin\DDay.Collections.dll = Tagplaner\DDay-iCal-1_0_2-BetaCandidate2-bin\DDay.Collections.dll
		Tagplaner\DDay-iCal-1_0_2-BetaCandidate2-bin\DDay.iCal.dll = Tagplaner\DDay-iCal-1_0_2-BetaCandidate2-bin\DDay.iCal.dll
	EndProjectSection
EndProject
Project("{2150E333-8FDC-42A3-9474-1A3956D46DE8}") = "Solution Items", "Solution Items", "{4180C9CC-221A-4B8B-98F3-CF51B093BA42}"
	ProjectSection(SolutionItems) = preProject
		Performance1.psess = Performance1.psess
		Performance2.psess = Performance2.psess
		Performance3.psess = Performance3.psess
	EndProjectSection
EndProject
Global
	GlobalSection(SubversionScc) = preSolution
		Svn-Managed = True
		Manager = AnkhSVN - Subversion Support for Visual Studio
	EndGlobalSection
	GlobalSection(SolutionConfigurationPlatforms) = preSolution
		Debug|Any CPU = Debug|Any CPU
		Release|Any CPU = Release|Any CPU
	EndGlobalSection
	GlobalSection(ProjectConfigurationPlatforms) = postSolution
		{B179D87C-61A6-42DF-80CF-845282615205}.Debug|Any CPU.ActiveCfg = Debug|Any CPU
		{B179D87C-61A6-42DF-80CF-845282615205}.Debug|Any CPU.Build.0 = Debug|Any CPU
		{B179D87C-61A6-42DF-80CF-845282615205}.Release|Any CPU.ActiveCfg = Release|Any CPU
		{B179D87C-61A6-42DF-80CF-845282615205}.Release|Any CPU.Build.0 = Release|Any CPU
	EndGlobalSection
	GlobalSection(SolutionProperties) = preSolution
		HideSolutionNode = FALSE
	EndGlobalSection
EndGlobal
